
Microsoft Visual Studio Solution File, Format Version 12.00
# Visual Studio Version 17
VisualStudioVersion = 17.9.34728.123
MinimumVisualStudioVersion = 10.0.40219.1
Project("{FAE04EC0-301F-11D3-BF4B-00C04F79EFBC}") = "antidebug", "antidebug\antidebug.csproj", "{E9802C38-36A6-4441-BC26-2B741AE3B79F}"
EndProject
Global
	GlobalSection(SolutionConfigurationPlatforms) = preSolution
		Debug|Any CPU = Debug|Any CPU
		Release|Any CPU = Release|Any CPU
	EndGlobalSection
	GlobalSection(ProjectConfigurationPlatforms) = postSolution
		{E9802C38-36A6-4441-BC26-2B741AE3B79F}.Debug|Any CPU.ActiveCfg = Debug|Any CPU
		{E9802C38-36A6-4441-BC26-2B741AE3B79F}.Debug|Any CPU.Build.0 = Debug|Any CPU
		{E9802C38-36A6-4441-BC26-2B741AE3B79F}.Release|Any CPU.ActiveCfg = Release|Any CPU
		{E9802C38-36A6-4441-BC26-2B741AE3B79F}.Release|Any CPU.Build.0 = Release|Any CPU
	EndGlobalSection
	GlobalSection(SolutionProperties) = preSolution
		HideSolutionNode = FALSE
	EndGlobalSection
	GlobalSection(ExtensibilityGlobals) = postSolution
		SolutionGuid = {5F4DB35D-41DB-464A-9170-2177F23769B3}
	EndGlobalSection
EndGlobal
